
Microsoft Visual Studio Solution File, Format Version 12.00
# Visual Studio Version 17
VisualStudioVersion = 17.3.32929.385
MinimumVisualStudioVersion = 10.0.40219.1
Project("{8BC9CEB8-8B4A-11D0-8D11-00A0C91BC942}") = "Sandbox", "Sandbox\Sandbox.vcxproj", "{BA7E06CA-C394-4A04-BAE7-0ECD493F80B2}"
EndProject
Project("{8BC9CEB8-8B4A-11D0-8D11-00A0C91BC942}") = "Insane", "Insane\Insane.vcxproj", "{B4EA89E2-B795-425D-962D-A6FDFA9AA426}"
EndProject
Global
	GlobalSection(SolutionConfigurationPlatforms) = preSolution
		Debug|x64 = Debug|x64
		Release|x64 = Release|x64
	EndGlobalSection
	GlobalSection(ProjectConfigurationPlatforms) = postSolution
		{BA7E06CA-C394-4A04-BAE7-0ECD493F80B2}.Debug|x64.ActiveCfg = Debug|x64
		{BA7E06CA-C394-4A04-BAE7-0ECD493F80B2}.Debug|x64.Build.0 = Debug|x64
		{BA7E06CA-C394-4A04-BAE7-0ECD493F80B2}.Release|x64.ActiveCfg = Release|x64
		{BA7E06CA-C394-4A04-BAE7-0ECD493F80B2}.Release|x64.Build.0 = Release|x64
		{B4EA89E2-B795-425D-962D-A6FDFA9AA426}.Debug|x64.ActiveCfg = Debug|x64
		{B4EA89E2-B795-425D-962D-A6FDFA9AA426}.Debug|x64.Build.0 = Debug|x64
		{B4EA89E2-B795-425D-962D-A6FDFA9AA426}.Release|x64.ActiveCfg = Release|x64
		{B4EA89E2-B795-425D-962D-A6FDFA9AA426}.Release|x64.Build.0 = Release|x64
	EndGlobalSection
	GlobalSection(SolutionProperties) = preSolution
		HideSolutionNode = FALSE
	EndGlobalSection
	GlobalSection(ExtensibilityGlobals) = postSolution
		SolutionGuid = {AD684C68-77F1-4BD9-BD34-50BD755243D2}
	EndGlobalSection
EndGlobal
