<?xml version="1.0" encoding="utf-8"?>
<Project ToolsVersion="4.0" xmlns="http://schemas.microsoft.com/developer/msbuild/2003">
  <ItemGroup>
    <Filter Include="Insane">
      <UniqueIdentifier>{E3DC2EBA-CF7E-5990-B839-6DE4A47AE0E0}</UniqueIdentifier>
    </Filter>
    <Filter Include="Insane\Events">
      <UniqueIdentifier>{67CB3497-D38B-B0CD-9CC6-F94A0846F5A9}</UniqueIdentifier>
    </Filter>
    <Filter Include="Platform">
      <UniqueIdentifier>{2AC788B4-1694-E3BF-3FAD-D1672BD9184E}</UniqueIdentifier>
    </Filter>
  </ItemGroup>
  <ItemGroup>
    <ClInclude Include="src\Insane.h" />
    <ClInclude Include="src\Insane\Application.h">
      <Filter>Insane</Filter>
    </ClInclude>
    <ClInclude Include="src\Insane\Core.h">
      <Filter>Insane</Filter>
    </ClInclude>
    <ClInclude Include="src\Insane\EntryPoint.h">
      <Filter>Insane</Filter>
    </ClInclude>
    <ClInclude Include="src\Insane\Events\ApplicationEvent.h">
      <Filter>Insane\Events</Filter>
    </ClInclude>
    <ClInclude Include="src\Insane\Events\Event.h">
      <Filter>Insane\Events</Filter>
    </ClInclude>
    <ClInclude Include="src\Insane\Events\KeyEvent.h">
      <Filter>Insane\Events</Filter>
    </ClInclude>
    <ClInclude Include="src\Insane\Events\MouseEvent.h">
      <Filter>Insane\Events</Filter>
    </ClInclude>
    <ClInclude Include="src\Insane\Log.h">
      <Filter>Insane</Filter>
    </ClInclude>
    <ClInclude Include="src\Insane\Window.h">
      <Filter>Insane</Filter>
    </ClInclude>
    <ClInclude Include="src\Platform\WindowsWindow.h">
      <Filter>Platform</Filter>
    </ClInclude>
    <ClInclude Include="src\ispch.h" />
  </ItemGroup>
  <ItemGroup>
    <ClCompile Include="src\Insane\Application.cpp">
      <Filter>Insane</Filter>
    </ClCompile>
    <ClCompile Include="src\Insane\Log.cpp">
      <Filter>Insane</Filter>
    </ClCompile>
    <ClCompile Include="src\Platform\WindowsWindow.cpp">
      <Filter>Platform</Filter>
    </ClCompile>
    <ClCompile Include="src\ispch.cpp" />
  </ItemGroup>
</Project>